
Microsoft Visual Studio Solution File, Format Version 12.00
# Visual Studio 15
VisualStudioVersion = 15.0.26730.12
MinimumVisualStudioVersion = 10.0.40219.1
Project("{FAE04EC0-301F-11D3-BF4B-00C04F79EFBC}") = "Practica_3.Android", "Practica 3\Practica_3.Android\Practica_3.Android.csproj", "{2406B01D-72C1-4BDC-B8F6-23196CCBF6DA}"
EndProject
Project("{FAE04EC0-301F-11D3-BF4B-00C04F79EFBC}") = "Practica_3", "Practica 3\Practica_3\Practica_3.csproj", "{7FAD689C-1BF5-43E9-90C0-E6BE18E12AEF}"
EndProject
Project("{FAE04EC0-301F-11D3-BF4B-00C04F79EFBC}") = "Practica_3.UWP", "Practica 3\Practica_3.UWP\Practica_3.UWP.csproj", "{501A501C-54D7-4161-94FE-77F33AFD4AF4}"
EndProject
Project("{FAE04EC0-301F-11D3-BF4B-00C04F79EFBC}") = "Practica_3.iOS", "Practica 3\Practica_3.iOS\Practica_3.iOS.csproj", "{C247A558-A4A7-4D59-82F5-6D6A4DDF6060}"
EndProject
Global
	GlobalSection(SolutionConfigurationPlatforms) = preSolution
		Ad-Hoc|Any CPU = Ad-Hoc|Any CPU
		Ad-Hoc|ARM = Ad-Hoc|ARM
		Ad-Hoc|iPhone = Ad-Hoc|iPhone
		Ad-Hoc|iPhoneSimulator = Ad-Hoc|iPhoneSimulator
		Ad-Hoc|x64 = Ad-Hoc|x64
		Ad-Hoc|x86 = Ad-Hoc|x86
		AppStore|Any CPU = AppStore|Any CPU
		AppStore|ARM = AppStore|ARM
		AppStore|iPhone = AppStore|iPhone
		AppStore|iPhoneSimulator = AppStore|iPhoneSimulator
		AppStore|x64 = AppStore|x64
		AppStore|x86 = AppStore|x86
		Debug|Any CPU = Debug|Any CPU
		Debug|ARM = Debug|ARM
		Debug|iPhone = Debug|iPhone
		Debug|iPhoneSimulator = Debug|iPhoneSimulator
		Debug|x64 = Debug|x64
		Debug|x86 = Debug|x86
		Release|Any CPU = Release|Any CPU
		Release|ARM = Release|ARM
		Release|iPhone = Release|iPhone
		Release|iPhoneSimulator = Release|iPhoneSimulator
		Release|x64 = Release|x64
		Release|x86 = Release|x86
	EndGlobalSection
	GlobalSection(ProjectConfigurationPlatforms) = postSolution
		{2406B01D-72C1-4BDC-B8F6-23196CCBF6DA}.Ad-Hoc|Any CPU.ActiveCfg = Release|Any CPU
		{2406B01D-72C1-4BDC-B8F6-23196CCBF6DA}.Ad-Hoc|Any CPU.Build.0 = Release|Any CPU
		{2406B01D-72C1-4BDC-B8F6-23196CCBF6DA}.Ad-Hoc|Any CPU.Deploy.0 = Release|Any CPU
		{2406B01D-72C1-4BDC-B8F6-23196CCBF6DA}.Ad-Hoc|ARM.ActiveCfg = Release|Any CPU
		{2406B01D-72C1-4BDC-B8F6-23196CCBF6DA}.Ad-Hoc|ARM.Build.0 = Release|Any CPU
		{2406B01D-72C1-4BDC-B8F6-23196CCBF6DA}.Ad-Hoc|ARM.Deploy.0 = Release|Any CPU
		{2406B01D-72C1-4BDC-B8F6-23196CCBF6DA}.Ad-Hoc|iPhone.ActiveCfg = Release|Any CPU
		{2406B01D-72C1-4BDC-B8F6-23196CCBF6DA}.Ad-Hoc|iPhone.Build.0 = Release|Any CPU
		{2406B01D-72C1-4BDC-B8F6-23196CCBF6DA}.Ad-Hoc|iPhone.Deploy.0 = Release|Any CPU
		{2406B01D-72C1-4BDC-B8F6-23196CCBF6DA}.Ad-Hoc|iPhoneSimulator.ActiveCfg = Release|Any CPU
		{2406B01D-72C1-4BDC-B8F6-23196CCBF6DA}.Ad-Hoc|iPhoneSimulator.Build.0 = Release|Any CPU
		{2406B01D-72C1-4BDC-B8F6-23196CCBF6DA}.Ad-Hoc|iPhoneSimulator.Deploy.0 = Release|Any CPU
		{2406B01D-72C1-4BDC-B8F6-23196CCBF6DA}.Ad-Hoc|x64.ActiveCfg = Release|Any CPU
		{2406B01D-72C1-4BDC-B8F6-23196CCBF6DA}.Ad-Hoc|x64.Build.0 = Release|Any CPU
		{2406B01D-72C1-4BDC-B8F6-23196CCBF6DA}.Ad-Hoc|x64.Deploy.0 = Release|Any CPU
		{2406B01D-72C1-4BDC-B8F6-23196CCBF6DA}.Ad-Hoc|x86.ActiveCfg = Release|Any CPU
		{2406B01D-72C1-4BDC-B8F6-23196CCBF6DA}.Ad-Hoc|x86.Build.0 = Release|Any CPU
		{2406B01D-72C1-4BDC-B8F6-23196CCBF6DA}.Ad-Hoc|x86.Deploy.0 = Release|Any CPU
		{2406B01D-72C1-4BDC-B8F6-23196CCBF6DA}.AppStore|Any CPU.ActiveCfg = Release|Any CPU
		{2406B01D-72C1-4BDC-B8F6-23196CCBF6DA}.AppStore|Any CPU.Build.0 = Release|Any CPU
		{2406B01D-72C1-4BDC-B8F6-23196CCBF6DA}.AppStore|Any CPU.Deploy.0 = Release|Any CPU
		{2406B01D-72C1-4BDC-B8F6-23196CCBF6DA}.AppStore|ARM.ActiveCfg = Release|Any CPU
		{2406B01D-72C1-4BDC-B8F6-23196CCBF6DA}.AppStore|ARM.Build.0 = Release|Any CPU
		{2406B01D-72C1-4BDC-B8F6-23196CCBF6DA}.AppStore|ARM.Deploy.0 = Release|Any CPU
		{2406B01D-72C1-4BDC-B8F6-23196CCBF6DA}.AppStore|iPhone.ActiveCfg = Release|Any CPU
		{2406B01D-72C1-4BDC-B8F6-23196CCBF6DA}.AppStore|iPhone.Build.0 = Release|Any CPU
		{2406B01D-72C1-4BDC-B8F6-23196CCBF6DA}.AppStore|iPhone.Deploy.0 = Release|Any CPU
		{2406B01D-72C1-4BDC-B8F6-23196CCBF6DA}.AppStore|iPhoneSimulator.ActiveCfg = Release|Any CPU
		{2406B01D-72C1-4BDC-B8F6-23196CCBF6DA}.AppStore|iPhoneSimulator.Build.0 = Release|Any CPU
		{2406B01D-72C1-4BDC-B8F6-23196CCBF6DA}.AppStore|iPhoneSimulator.Deploy.0 = Release|Any CPU
		{2406B01D-72C1-4BDC-B8F6-23196CCBF6DA}.AppStore|x64.ActiveCfg = Release|Any CPU
		{2406B01D-72C1-4BDC-B8F6-23196CCBF6DA}.AppStore|x64.Build.0 = Release|Any CPU
		{2406B01D-72C1-4BDC-B8F6-23196CCBF6DA}.AppStore|x64.Deploy.0 = Release|Any CPU
		{2406B01D-72C1-4BDC-B8F6-23196CCBF6DA}.AppStore|x86.ActiveCfg = Release|Any CPU
		{2406B01D-72C1-4BDC-B8F6-23196CCBF6DA}.AppStore|x86.Build.0 = Release|Any CPU
		{2406B01D-72C1-4BDC-B8F6-23196CCBF6DA}.AppStore|x86.Deploy.0 = Release|Any CPU
		{2406B01D-72C1-4BDC-B8F6-23196CCBF6DA}.Debug|Any CPU.ActiveCfg = Debug|Any CPU
		{2406B01D-72C1-4BDC-B8F6-23196CCBF6DA}.Debug|Any CPU.Build.0 = Debug|Any CPU
		{2406B01D-72C1-4BDC-B8F6-23196CCBF6DA}.Debug|Any CPU.Deploy.0 = Debug|Any CPU
		{2406B01D-72C1-4BDC-B8F6-23196CCBF6DA}.Debug|ARM.ActiveCfg = Debug|Any CPU
		{2406B01D-72C1-4BDC-B8F6-23196CCBF6DA}.Debug|ARM.Build.0 = Debug|Any CPU
		{2406B01D-72C1-4BDC-B8F6-23196CCBF6DA}.Debug|ARM.Deploy.0 = Debug|Any CPU
		{2406B01D-72C1-4BDC-B8F6-23196CCBF6DA}.Debug|iPhone.ActiveCfg = Debug|Any CPU
		{2406B01D-72C1-4BDC-B8F6-23196CCBF6DA}.Debug|iPhone.Build.0 = Debug|Any CPU
		{2406B01D-72C1-4BDC-B8F6-23196CCBF6DA}.Debug|iPhone.Deploy.0 = Debug|Any CPU
		{2406B01D-72C1-4BDC-B8F6-23196CCBF6DA}.Debug|iPhoneSimulator.ActiveCfg = Debug|Any CPU
		{2406B01D-72C1-4BDC-B8F6-23196CCBF6DA}.Debug|iPhoneSimulator.Build.0 = Debug|Any CPU
		{2406B01D-72C1-4BDC-B8F6-23196CCBF6DA}.Debug|iPhoneSimulator.Deploy.0 = Debug|Any CPU
		{2406B01D-72C1-4BDC-B8F6-23196CCBF6DA}.Debug|x64.ActiveCfg = Debug|Any CPU
		{2406B01D-72C1-4BDC-B8F6-23196CCBF6DA}.Debug|x64.Build.0 = Debug|Any CPU
		{2406B01D-72C1-4BDC-B8F6-23196CCBF6DA}.Debug|x64.Deploy.0 = Debug|Any CPU
		{2406B01D-72C1-4BDC-B8F6-23196CCBF6DA}.Debug|x86.ActiveCfg = Debug|Any CPU
		{2406B01D-72C1-4BDC-B8F6-23196CCBF6DA}.Debug|x86.Build.0 = Debug|Any CPU
		{2406B01D-72C1-4BDC-B8F6-23196CCBF6DA}.Debug|x86.Deploy.0 = Debug|Any CPU
		{2406B01D-72C1-4BDC-B8F6-23196CCBF6DA}.Release|Any CPU.ActiveCfg = Release|Any CPU
		{2406B01D-72C1-4BDC-B8F6-23196CCBF6DA}.Release|Any CPU.Build.0 = Release|Any CPU
		{2406B01D-72C1-4BDC-B8F6-23196CCBF6DA}.Release|Any CPU.Deploy.0 = Release|Any CPU
		{2406B01D-72C1-4BDC-B8F6-23196CCBF6DA}.Release|ARM.ActiveCfg = Release|Any CPU
		{2406B01D-72C1-4BDC-B8F6-23196CCBF6DA}.Release|ARM.Build.0 = Release|Any CPU
		{2406B01D-72C1-4BDC-B8F6-23196CCBF6DA}.Release|ARM.Deploy.0 = Release|Any CPU
		{2406B01D-72C1-4BDC-B8F6-23196CCBF6DA}.Release|iPhone.ActiveCfg = Release|Any CPU
		{2406B01D-72C1-4BDC-B8F6-23196CCBF6DA}.Release|iPhone.Build.0 = Release|Any CPU
		{2406B01D-72C1-4BDC-B8F6-23196CCBF6DA}.Release|iPhone.Deploy.0 = Release|Any CPU
		{2406B01D-72C1-4BDC-B8F6-23196CCBF6DA}.Release|iPhoneSimulator.ActiveCfg = Release|Any CPU
		{2406B01D-72C1-4BDC-B8F6-23196CCBF6DA}.Release|iPhoneSimulator.Build.0 = Release|Any CPU
		{2406B01D-72C1-4BDC-B8F6-23196CCBF6DA}.Release|iPhoneSimulator.Deploy.0 = Release|Any CPU
		{2406B01D-72C1-4BDC-B8F6-23196CCBF6DA}.Release|x64.ActiveCfg = Release|Any CPU
		{2406B01D-72C1-4BDC-B8F6-23196CCBF6DA}.Release|x64.Build.0 = Release|Any CPU
		{2406B01D-72C1-4BDC-B8F6-23196CCBF6DA}.Release|x64.Deploy.0 = Release|Any CPU
		{2406B01D-72C1-4BDC-B8F6-23196CCBF6DA}.Release|x86.ActiveCfg = Release|Any CPU
		{2406B01D-72C1-4BDC-B8F6-23196CCBF6DA}.Release|x86.Build.0 = Release|Any CPU
		{2406B01D-72C1-4BDC-B8F6-23196CCBF6DA}.Release|x86.Deploy.0 = Release|Any CPU
		{7FAD689C-1BF5-43E9-90C0-E6BE18E12AEF}.Ad-Hoc|Any CPU.ActiveCfg = Release|Any CPU
		{7FAD689C-1BF5-43E9-90C0-E6BE18E12AEF}.Ad-Hoc|Any CPU.Build.0 = Release|Any CPU
		{7FAD689C-1BF5-43E9-90C0-E6BE18E12AEF}.Ad-Hoc|ARM.ActiveCfg = Release|Any CPU
		{7FAD689C-1BF5-43E9-90C0-E6BE18E12AEF}.Ad-Hoc|ARM.Build.0 = Release|Any CPU
		{7FAD689C-1BF5-43E9-90C0-E6BE18E12AEF}.Ad-Hoc|iPhone.ActiveCfg = Release|Any CPU
		{7FAD689C-1BF5-43E9-90C0-E6BE18E12AEF}.Ad-Hoc|iPhone.Build.0 = Release|Any CPU
		{7FAD689C-1BF5-43E9-90C0-E6BE18E12AEF}.Ad-Hoc|iPhoneSimulator.ActiveCfg = Release|Any CPU
		{7FAD689C-1BF5-43E9-90C0-E6BE18E12AEF}.Ad-Hoc|iPhoneSimulator.Build.0 = Release|Any CPU
		{7FAD689C-1BF5-43E9-90C0-E6BE18E12AEF}.Ad-Hoc|x64.ActiveCfg = Release|Any CPU
		{7FAD689C-1BF5-43E9-90C0-E6BE18E12AEF}.Ad-Hoc|x64.Build.0 = Release|Any CPU
		{7FAD689C-1BF5-43E9-90C0-E6BE18E12AEF}.Ad-Hoc|x86.ActiveCfg = Release|Any CPU
		{7FAD689C-1BF5-43E9-90C0-E6BE18E12AEF}.Ad-Hoc|x86.Build.0 = Release|Any CPU
		{7FAD689C-1BF5-43E9-90C0-E6BE18E12AEF}.AppStore|Any CPU.ActiveCfg = Release|Any CPU
		{7FAD689C-1BF5-43E9-90C0-E6BE18E12AEF}.AppStore|Any CPU.Build.0 = Release|Any CPU
		{7FAD689C-1BF5-43E9-90C0-E6BE18E12AEF}.AppStore|ARM.ActiveCfg = Release|Any CPU
		{7FAD689C-1BF5-43E9-90C0-E6BE18E12AEF}.AppStore|ARM.Build.0 = Release|Any CPU
		{7FAD689C-1BF5-43E9-90C0-E6BE18E12AEF}.AppStore|iPhone.ActiveCfg = Release|Any CPU
		{7FAD689C-1BF5-43E9-90C0-E6BE18E12AEF}.AppStore|iPhone.Build.0 = Release|Any CPU
		{7FAD689C-1BF5-43E9-90C0-E6BE18E12AEF}.AppStore|iPhoneSimulator.ActiveCfg = Release|Any CPU
		{7FAD689C-1BF5-43E9-90C0-E6BE18E12AEF}.AppStore|iPhoneSimulator.Build.0 = Release|Any CPU
		{7FAD689C-1BF5-43E9-90C0-E6BE18E12AEF}.AppStore|x64.ActiveCfg = Release|Any CPU
		{7FAD689C-1BF5-43E9-90C0-E6BE18E12AEF}.AppStore|x64.Build.0 = Release|Any CPU
		{7FAD689C-1BF5-43E9-90C0-E6BE18E12AEF}.AppStore|x86.ActiveCfg = Release|Any CPU
		{7FAD689C-1BF5-43E9-90C0-E6BE18E12AEF}.AppStore|x86.Build.0 = Release|Any CPU
		{7FAD689C-1BF5-43E9-90C0-E6BE18E12AEF}.Debug|Any CPU.ActiveCfg = Debug|Any CPU
		{7FAD689C-1BF5-43E9-90C0-E6BE18E12AEF}.Debug|Any CPU.Build.0 = Debug|Any CPU
		{7FAD689C-1BF5-43E9-90C0-E6BE18E12AEF}.Debug|ARM.ActiveCfg = Debug|Any CPU
		{7FAD689C-1BF5-43E9-90C0-E6BE18E12AEF}.Debug|ARM.Build.0 = Debug|Any CPU
		{7FAD689C-1BF5-43E9-90C0-E6BE18E12AEF}.Debug|iPhone.ActiveCfg = Debug|Any CPU
		{7FAD689C-1BF5-43E9-90C0-E6BE18E12AEF}.Debug|iPhone.Build.0 = Debug|Any CPU
		{7FAD689C-1BF5-43E9-90C0-E6BE18E12AEF}.Debug|iPhoneSimulator.ActiveCfg = Debug|Any CPU
		{7FAD689C-1BF5-43E9-90C0-E6BE18E12AEF}.Debug|iPhoneSimulator.Build.0 = Debug|Any CPU
		{7FAD689C-1BF5-43E9-90C0-E6BE18E12AEF}.Debug|x64.ActiveCfg = Debug|Any CPU
		{7FAD689C-1BF5-43E9-90C0-E6BE18E12AEF}.Debug|x64.Build.0 = Debug|Any CPU
		{7FAD689C-1BF5-43E9-90C0-E6BE18E12AEF}.Debug|x86.ActiveCfg = Debug|Any CPU
		{7FAD689C-1BF5-43E9-90C0-E6BE18E12AEF}.Debug|x86.Build.0 = Debug|Any CPU
		{7FAD689C-1BF5-43E9-90C0-E6BE18E12AEF}.Release|Any CPU.ActiveCfg = Release|Any CPU
		{7FAD689C-1BF5-43E9-90C0-E6BE18E12AEF}.Release|Any CPU.Build.0 = Release|Any CPU
		{7FAD689C-1BF5-43E9-90C0-E6BE18E12AEF}.Release|ARM.ActiveCfg = Release|Any CPU
		{7FAD689C-1BF5-43E9-90C0-E6BE18E12AEF}.Release|ARM.Build.0 = Release|Any CPU
		{7FAD689C-1BF5-43E9-90C0-E6BE18E12AEF}.Release|iPhone.ActiveCfg = Release|Any CPU
		{7FAD689C-1BF5-43E9-90C0-E6BE18E12AEF}.Release|iPhone.Build.0 = Release|Any CPU
		{7FAD689C-1BF5-43E9-90C0-E6BE18E12AEF}.Release|iPhoneSimulator.ActiveCfg = Release|Any CPU
		{7FAD689C-1BF5-43E9-90C0-E6BE18E12AEF}.Release|iPhoneSimulator.Build.0 = Release|Any CPU
		{7FAD689C-1BF5-43E9-90C0-E6BE18E12AEF}.Release|x64.ActiveCfg = Release|Any CPU
		{7FAD689C-1BF5-43E9-90C0-E6BE18E12AEF}.Release|x64.Build.0 = Release|Any CPU
		{7FAD689C-1BF5-43E9-90C0-E6BE18E12AEF}.Release|x86.ActiveCfg = Release|Any CPU
		{7FAD689C-1BF5-43E9-90C0-E6BE18E12AEF}.Release|x86.Build.0 = Release|Any CPU
		{501A501C-54D7-4161-94FE-77F33AFD4AF4}.Ad-Hoc|Any CPU.ActiveCfg = Release|x86
		{501A501C-54D7-4161-94FE-77F33AFD4AF4}.Ad-Hoc|Any CPU.Build.0 = Release|x86
		{501A501C-54D7-4161-94FE-77F33AFD4AF4}.Ad-Hoc|Any CPU.Deploy.0 = Release|x86
		{501A501C-54D7-4161-94FE-77F33AFD4AF4}.Ad-Hoc|ARM.ActiveCfg = Release|ARM
		{501A501C-54D7-4161-94FE-77F33AFD4AF4}.Ad-Hoc|ARM.Build.0 = Release|ARM
		{501A501C-54D7-4161-94FE-77F33AFD4AF4}.Ad-Hoc|ARM.Deploy.0 = Release|ARM
		{501A501C-54D7-4161-94FE-77F33AFD4AF4}.Ad-Hoc|iPhone.ActiveCfg = Release|x86
		{501A501C-54D7-4161-94FE-77F33AFD4AF4}.Ad-Hoc|iPhone.Build.0 = Release|x86
		{501A501C-54D7-4161-94FE-77F33AFD4AF4}.Ad-Hoc|iPhone.Deploy.0 = Release|x86
		{501A501C-54D7-4161-94FE-77F33AFD4AF4}.Ad-Hoc|iPhoneSimulator.ActiveCfg = Release|x86
		{501A501C-54D7-4161-94FE-77F33AFD4AF4}.Ad-Hoc|iPhoneSimulator.Build.0 = Release|x86
		{501A501C-54D7-4161-94FE-77F33AFD4AF4}.Ad-Hoc|iPhoneSimulator.Deploy.0 = Release|x86
		{501A501C-54D7-4161-94FE-77F33AFD4AF4}.Ad-Hoc|x64.ActiveCfg = Release|x64
		{501A501C-54D7-4161-94FE-77F33AFD4AF4}.Ad-Hoc|x64.Build.0 = Release|x64
		{501A501C-54D7-4161-94FE-77F33AFD4AF4}.Ad-Hoc|x64.Deploy.0 = Release|x64
		{501A501C-54D7-4161-94FE-77F33AFD4AF4}.Ad-Hoc|x86.ActiveCfg = Release|x86
		{501A501C-54D7-4161-94FE-77F33AFD4AF4}.Ad-Hoc|x86.Build.0 = Release|x86
		{501A501C-54D7-4161-94FE-77F33AFD4AF4}.Ad-Hoc|x86.Deploy.0 = Release|x86
		{501A501C-54D7-4161-94FE-77F33AFD4AF4}.AppStore|Any CPU.ActiveCfg = Release|x86
		{501A501C-54D7-4161-94FE-77F33AFD4AF4}.AppStore|Any CPU.Build.0 = Release|x86
		{501A501C-54D7-4161-94FE-77F33AFD4AF4}.AppStore|Any CPU.Deploy.0 = Release|x86
		{501A501C-54D7-4161-94FE-77F33AFD4AF4}.AppStore|ARM.ActiveCfg = Release|ARM
		{501A501C-54D7-4161-94FE-77F33AFD4AF4}.AppStore|ARM.Build.0 = Release|ARM
		{501A501C-54D7-4161-94FE-77F33AFD4AF4}.AppStore|ARM.Deploy.0 = Release|ARM
		{501A501C-54D7-4161-94FE-77F33AFD4AF4}.AppStore|iPhone.ActiveCfg = Release|x86
		{501A501C-54D7-4161-94FE-77F33AFD4AF4}.AppStore|iPhone.Build.0 = Release|x86
		{501A501C-54D7-4161-94FE-77F33AFD4AF4}.AppStore|iPhone.Deploy.0 = Release|x86
		{501A501C-54D7-4161-94FE-77F33AFD4AF4}.AppStore|iPhoneSimulator.ActiveCfg = Release|x86
		{501A501C-54D7-4161-94FE-77F33AFD4AF4}.AppStore|iPhoneSimulator.Build.0 = Release|x86
		{501A501C-54D7-4161-94FE-77F33AFD4AF4}.AppStore|iPhoneSimulator.Deploy.0 = Release|x86
		{501A501C-54D7-4161-94FE-77F33AFD4AF4}.AppStore|x64.ActiveCfg = Release|x64
		{501A501C-54D7-4161-94FE-77F33AFD4AF4}.AppStore|x64.Build.0 = Release|x64
		{501A501C-54D7-4161-94FE-77F33AFD4AF4}.AppStore|x64.Deploy.0 = Release|x64
		{501A501C-54D7-4161-94FE-77F33AFD4AF4}.AppStore|x86.ActiveCfg = Release|x86
		{501A501C-54D7-4161-94FE-77F33AFD4AF4}.AppStore|x86.Build.0 = Release|x86
		{501A501C-54D7-4161-94FE-77F33AFD4AF4}.AppStore|x86.Deploy.0 = Release|x86
		{501A501C-54D7-4161-94FE-77F33AFD4AF4}.Debug|Any CPU.ActiveCfg = Debug|x86
		{501A501C-54D7-4161-94FE-77F33AFD4AF4}.Debug|ARM.ActiveCfg = Debug|ARM
		{501A501C-54D7-4161-94FE-77F33AFD4AF4}.Debug|ARM.Build.0 = Debug|ARM
		{501A501C-54D7-4161-94FE-77F33AFD4AF4}.Debug|ARM.Deploy.0 = Debug|ARM
		{501A501C-54D7-4161-94FE-77F33AFD4AF4}.Debug|iPhone.ActiveCfg = Debug|x86
		{501A501C-54D7-4161-94FE-77F33AFD4AF4}.Debug|iPhoneSimulator.ActiveCfg = Debug|x86
		{501A501C-54D7-4161-94FE-77F33AFD4AF4}.Debug|x64.ActiveCfg = Debug|x64
		{501A501C-54D7-4161-94FE-77F33AFD4AF4}.Debug|x64.Build.0 = Debug|x64
		{501A501C-54D7-4161-94FE-77F33AFD4AF4}.Debug|x64.Deploy.0 = Debug|x64
		{501A501C-54D7-4161-94FE-77F33AFD4AF4}.Debug|x86.ActiveCfg = Debug|x86
		{501A501C-54D7-4161-94FE-77F33AFD4AF4}.Debug|x86.Build.0 = Debug|x86
		{501A501C-54D7-4161-94FE-77F33AFD4AF4}.Debug|x86.Deploy.0 = Debug|x86
		{501A501C-54D7-4161-94FE-77F33AFD4AF4}.Release|Any CPU.ActiveCfg = Release|x86
		{501A501C-54D7-4161-94FE-77F33AFD4AF4}.Release|ARM.ActiveCfg = Release|ARM
		{501A501C-54D7-4161-94FE-77F33AFD4AF4}.Release|ARM.Build.0 = Release|ARM
		{501A501C-54D7-4161-94FE-77F33AFD4AF4}.Release|ARM.Deploy.0 = Release|ARM
		{501A501C-54D7-4161-94FE-77F33AFD4AF4}.Release|iPhone.ActiveCfg = Release|x86
		{501A501C-54D7-4161-94FE-77F33AFD4AF4}.Release|iPhoneSimulator.ActiveCfg = Release|x86
		{501A501C-54D7-4161-94FE-77F33AFD4AF4}.Release|x64.ActiveCfg = Release|x64
		{501A501C-54D7-4161-94FE-77F33AFD4AF4}.Release|x64.Build.0 = Release|x64
		{501A501C-54D7-4161-94FE-77F33AFD4AF4}.Release|x64.Deploy.0 = Release|x64
		{501A501C-54D7-4161-94FE-77F33AFD4AF4}.Release|x86.ActiveCfg = Release|x86
		{501A501C-54D7-4161-94FE-77F33AFD4AF4}.Release|x86.Build.0 = Release|x86
		{501A501C-54D7-4161-94FE-77F33AFD4AF4}.Release|x86.Deploy.0 = Release|x86
		{C247A558-A4A7-4D59-82F5-6D6A4DDF6060}.Ad-Hoc|Any CPU.ActiveCfg = Ad-Hoc|iPhone
		{C247A558-A4A7-4D59-82F5-6D6A4DDF6060}.Ad-Hoc|ARM.ActiveCfg = Ad-Hoc|iPhone
		{C247A558-A4A7-4D59-82F5-6D6A4DDF6060}.Ad-Hoc|iPhone.ActiveCfg = Ad-Hoc|iPhone
		{C247A558-A4A7-4D59-82F5-6D6A4DDF6060}.Ad-Hoc|iPhone.Build.0 = Ad-Hoc|iPhone
		{C247A558-A4A7-4D59-82F5-6D6A4DDF6060}.Ad-Hoc|iPhoneSimulator.ActiveCfg = Ad-Hoc|iPhoneSimulator
		{C247A558-A4A7-4D59-82F5-6D6A4DDF6060}.Ad-Hoc|iPhoneSimulator.Build.0 = Ad-Hoc|iPhoneSimulator
		{C247A558-A4A7-4D59-82F5-6D6A4DDF6060}.Ad-Hoc|x64.ActiveCfg = Ad-Hoc|iPhone
		{C247A558-A4A7-4D59-82F5-6D6A4DDF6060}.Ad-Hoc|x86.ActiveCfg = Ad-Hoc|iPhone
		{C247A558-A4A7-4D59-82F5-6D6A4DDF6060}.AppStore|Any CPU.ActiveCfg = AppStore|iPhone
		{C247A558-A4A7-4D59-82F5-6D6A4DDF6060}.AppStore|ARM.ActiveCfg = AppStore|iPhone
		{C247A558-A4A7-4D59-82F5-6D6A4DDF6060}.AppStore|iPhone.ActiveCfg = AppStore|iPhone
		{C247A558-A4A7-4D59-82F5-6D6A4DDF6060}.AppStore|iPhone.Build.0 = AppStore|iPhone
		{C247A558-A4A7-4D59-82F5-6D6A4DDF6060}.AppStore|iPhoneSimulator.ActiveCfg = AppStore|iPhoneSimulator
		{C247A558-A4A7-4D59-82F5-6D6A4DDF6060}.AppStore|iPhoneSimulator.Build.0 = AppStore|iPhoneSimulator
		{C247A558-A4A7-4D59-82F5-6D6A4DDF6060}.AppStore|x64.ActiveCfg = AppStore|iPhone
		{C247A558-A4A7-4D59-82F5-6D6A4DDF6060}.AppStore|x86.ActiveCfg = AppStore|iPhone
		{C247A558-A4A7-4D59-82F5-6D6A4DDF6060}.Debug|Any CPU.ActiveCfg = Debug|iPhone
		{C247A558-A4A7-4D59-82F5-6D6A4DDF6060}.Debug|ARM.ActiveCfg = Debug|iPhone
		{C247A558-A4A7-4D59-82F5-6D6A4DDF6060}.Debug|iPhone.ActiveCfg = Debug|iPhone
		{C247A558-A4A7-4D59-82F5-6D6A4DDF6060}.Debug|iPhone.Build.0 = Debug|iPhone
		{C247A558-A4A7-4D59-82F5-6D6A4DDF6060}.Debug|iPhoneSimulator.ActiveCfg = Debug|iPhoneSimulator
		{C247A558-A4A7-4D59-82F5-6D6A4DDF6060}.Debug|iPhoneSimulator.Build.0 = Debug|iPhoneSimulator
		{C247A558-A4A7-4D59-82F5-6D6A4DDF6060}.Debug|x64.ActiveCfg = Debug|iPhone
		{C247A558-A4A7-4D59-82F5-6D6A4DDF6060}.Debug|x86.ActiveCfg = Debug|iPhone
		{C247A558-A4A7-4D59-82F5-6D6A4DDF6060}.Release|Any CPU.ActiveCfg = Release|iPhone
		{C247A558-A4A7-4D59-82F5-6D6A4DDF6060}.Release|ARM.ActiveCfg = Release|iPhone
		{C247A558-A4A7-4D59-82F5-6D6A4DDF6060}.Release|iPhone.ActiveCfg = Release|iPhone
		{C247A558-A4A7-4D59-82F5-6D6A4DDF6060}.Release|iPhone.Build.0 = Release|iPhone
		{C247A558-A4A7-4D59-82F5-6D6A4DDF6060}.Release|iPhoneSimulator.ActiveCfg = Release|iPhoneSimulator
		{C247A558-A4A7-4D59-82F5-6D6A4DDF6060}.Release|iPhoneSimulator.Build.0 = Release|iPhoneSimulator
		{C247A558-A4A7-4D59-82F5-6D6A4DDF6060}.Release|x64.ActiveCfg = Release|iPhone
		{C247A558-A4A7-4D59-82F5-6D6A4DDF6060}.Release|x86.ActiveCfg = Release|iPhone
	EndGlobalSection
	GlobalSection(SolutionProperties) = preSolution
		HideSolutionNode = FALSE
	EndGlobalSection
	GlobalSection(ExtensibilityGlobals) = postSolution
		SolutionGuid = {DA117722-B95C-47FD-8AF6-D1A8CAEE9CE8}
	EndGlobalSection
EndGlobal
